// !$*UTF8*$!
{
	archiveVersion = 1;
	classes = {
	};
	objectVersion = 46;
	objects = {

/* Begin PBXBuildFile section */
		7BBAD3141CDEFD1700AA5F76 /* AppDelegate.swift in Sources */ = {isa = PBXBuildFile; fileRef = 7BBAD3131CDEFD1700AA5F76 /* AppDelegate.swift */; };
		7BBAD3161CDEFD1700AA5F76 /* ViewController.swift in Sources */ = {isa = PBXBuildFile; fileRef = 7BBAD3151CDEFD1700AA5F76 /* ViewController.swift */; };
		7BBAD3191CDEFD1700AA5F76 /* Main.storyboard in Resources */ = {isa = PBXBuildFile; fileRef = 7BBAD3171CDEFD1700AA5F76 /* Main.storyboard */; };
		7BBAD31B1CDEFD1700AA5F76 /* Assets.xcassets in Resources */ = {isa = PBXBuildFile; fileRef = 7BBAD31A1CDEFD1700AA5F76 /* Assets.xcassets */; };
		7BBAD31E1CDEFD1700AA5F76 /* LaunchScreen.storyboard in Resources */ = {isa = PBXBuildFile; fileRef = 7BBAD31C1CDEFD1700AA5F76 /* LaunchScreen.storyboard */; };
/* End PBXBuildFile section */

/* Begin PBXFileReference section */
		7BBAD3101CDEFD1700AA5F76 /* jwarmkessel.app */ = {isa = PBXFileReference; explicitFileType = wrapper.application; includeInIndex = 0; path = jwarmkessel.app; sourceTree = BUILT_PRODUCTS_DIR; };
		7BBAD3131CDEFD1700AA5F76 /* AppDelegate.swift */ = {isa = PBXFileReference; lastKnownFileType = sourcecode.swift; path = AppDelegate.swift; sourceTree = "<group>"; };
		7BBAD3151CDEFD1700AA5F76 /* ViewController.swift */ = {isa = PBXFileReference; lastKnownFileType = sourcecode.swift; path = ViewController.swift; sourceTree = "<group>"; };
		7BBAD3181CDEFD1700AA5F76 /* Base */ = {isa = PBXFileReference; lastKnownFileType = file.storyboard; name = Base; path = Base.lproj/Main.storyboard; sourceTree = "<group>"; };
		7BBAD31A1CDEFD1700AA5F76 /* Assets.xcassets */ = {isa = PBXFileReference; lastKnownFileType = folder.assetcatalog; path = Assets.xcassets; sourceTree = "<group>"; };
		7BBAD31D1CDEFD1700AA5F76 /* Base */ = {isa = PBXFileReference; lastKnownFileType = file.storyboard; name = Base; path = Base.lproj/LaunchScreen.storyboard; sourceTree = "<group>"; };
		7BBAD31F1CDEFD1700AA5F76 /* Info.plist */ = {isa = PBXFileReference; lastKnownFileType = text.plist.xml; path = Info.plist; sourceTree = "<group>"; };
/* End PBXFileReference section */

/* Begin PBXFrameworksBuildPhase section */
		7BBAD30D1CDEFD1700AA5F76 /* Frameworks */ = {
			isa = PBXFrameworksBuildPhase;
			buildActionMask = 2147483647;
			files = (
			);
			runOnlyForDeploymentPostprocessing = 0;
		};
/* End PBXFrameworksBuildPhase section */

/* Begin PBXGroup section */
		7BBAD3071CDEFD1700AA5F76 = {
			isa = PBXGroup;
			children = (
				7BBAD3121CDEFD1700AA5F76 /* jwarmkessel */,
				7BBAD3111CDEFD1700AA5F76 /* Products */,
			);
			sourceTree = "<group>";
		};
		7BBAD3111CDEFD1700AA5F76 /* Products */ = {
			isa = PBXGroup;
			children = (
				7BBAD3101CDEFD1700AA5F76 /* jwarmkessel.app */,
			);
			name = Products;
			sourceTree = "<group>";
		};
		7BBAD3121CDEFD1700AA5F76 /* jwarmkessel */ = {
			isa = PBXGroup;
			children = (
				7BBAD3131CDEFD1700AA5F76 /* AppDelegate.swift */,
				7BBAD3151CDEFD1700AA5F76 /* ViewController.swift */,
				7BBAD3171CDEFD1700AA5F76 /* Main.storyboard */,
				7BBAD31A1CDEFD1700AA5F76 /* Assets.xcassets */,
				7BBAD31C1CDEFD1700AA5F76 /* LaunchScreen.storyboard */,
				7BBAD31F1CDEFD1700AA5F76 /* Info.plist */,
			);
			path = jwarmkessel;
			sourceTree = "<group>";
		};
/* End PBXGroup section */

/* Begin PBXNativeTarget section */
		7BBAD30F1CDEFD1700AA5F76 /* jwarmkessel */ = {
			isa = PBXNativeTarget;
			buildConfigurationList = 7BBAD3221CDEFD1700AA5F76 /* Build configuration list for PBXNativeTarget "jwarmkessel" */;
			buildPhases = (
				7BBAD30C1CDEFD1700AA5F76 /* Sources */,
				7BBAD30D1CDEFD1700AA5F76 /* Frameworks */,
				7BBAD30E1CDEFD1700AA5F76 /* Resources */,
			);
			buildRules = (
			);
			dependencies = (
			);
			name = jwarmkessel;
			productName = jwarmkessel;
			productReference = 7BBAD3101CDEFD1700AA5F76 /* jwarmkessel.app */;
			productType = "com.apple.product-type.application";
		};
/* End PBXNativeTarget section */

/* Begin PBXProject section */
		7BBAD3081CDEFD1700AA5F76 /* Project object */ = {
			isa = PBXProject;
			attributes = {
				LastSwiftUpdateCheck = 0730;
				LastUpgradeCheck = 0730;
				ORGANIZATIONNAME = "Justin Warmkessel";
				TargetAttributes = {
					7BBAD30F1CDEFD1700AA5F76 = {
						CreatedOnToolsVersion = 7.3;
					};
				};
			};
			buildConfigurationList = 7BBAD30B1CDEFD1700AA5F76 /* Build configuration list for PBXProject "jwarmkessel" */;
			compatibilityVersion = "Xcode 3.2";
			developmentRegion = English;
			hasScannedForEncodings = 0;
			knownRegions = (
				en,
				Base,
			);
			mainGroup = 7BBAD3071CDEFD1700AA5F76;
			productRefGroup = 7BBAD3111CDEFD1700AA5F76 /* Products */;
			projectDirPath = "";
			projectRoot = "";
			targets = (
				7BBAD30F1CDEFD1700AA5F76 /* jwarmkessel */,
			);
		};
/* End PBXProject section */

/* Begin PBXResourcesBuildPhase section */
		7BBAD30E1CDEFD1700AA5F76 /* Resources */ = {
			isa = PBXResourcesBuildPhase;
			buildActionMask = 2147483647;
			files = (
				7BBAD31E1CDEFD1700AA5F76 /* LaunchScreen.storyboard in Resources */,
				7BBAD31B1CDEFD1700AA5F76 /* Assets.xcassets in Resources */,
				7BBAD3191CDEFD1700AA5F76 /* Main.storyboard in Resources */,
			);
			runOnlyForDeploymentPostprocessing = 0;
		};
/* End PBXResourcesBuildPhase section */

/* Begin PBXSourcesBuildPhase section */
		7BBAD30C1CDEFD1700AA5F76 /* Sources */ = {
			isa = PBXSourcesBuildPhase;
			buildActionMask = 2147483647;
			files = (
				7BBAD3161CDEFD1700AA5F76 /* ViewController.swift in Sources */,
				7BBAD3141CDEFD1700AA5F76 /* AppDelegate.swift in Sources */,
			);
			runOnlyForDeploymentPostprocessing = 0;
		};
/* End PBXSourcesBuildPhase section */

/* Begin PBXVariantGroup section */
		7BBAD3171CDEFD1700AA5F76 /* Main.storyboard */ = {
			isa = PBXVariantGroup;
			children = (
				7BBAD3181CDEFD1700AA5F76 /* Base */,
			);
			name = Main.storyboard;
			sourceTree = "<group>";
		};
		7BBAD31C1CDEFD1700AA5F76 /* LaunchScreen.storyboard */ = {
			isa = PBXVariantGroup;
			children = (
				7BBAD31D1CDEFD1700AA5F76 /* Base */,
			);
			name = LaunchScreen.storyboard;
			sourceTree = "<group>";
		};
/* End PBXVariantGroup section */

/* Begin XCBuildConfiguration section */
		7BBAD3201CDEFD1700AA5F76 /* Debug */ = {
			isa = XCBuildConfiguration;
			buildSettings = {
				ALWAYS_SEARCH_USER_PATHS = NO;
				CLANG_ANALYZER_NONNULL = YES;
				CLANG_CXX_LANGUAGE_STANDARD = "gnu++0x";
				CLANG_CXX_LIBRARY = "libc++";
				CLANG_ENABLE_MODULES = YES;
				CLANG_ENABLE_OBJC_ARC = YES;
				CLANG_WARN_BOOL_CONVERSION = YES;
				CLANG_WARN_CONSTANT_CONVERSION = YES;
				CLANG_WARN_DIRECT_OBJC_ISA_USAGE = YES_ERROR;
				CLANG_WARN_EMPTY_BODY = YES;
				CLANG_WARN_ENUM_CONVERSION = YES;
				CLANG_WARN_INT_CONVERSION = YES;
				CLANG_WARN_OBJC_ROOT_CLASS = YES_ERROR;
				CLANG_WARN_UNREACHABLE_CODE = YES;
				CLANG_WARN__DUPLICATE_METHOD_MATCH = YES;
				"CODE_SIGN_IDENTITY[sdk=iphoneos*]" = "iPhone Developer";
				COPY_PHASE_STRIP = NO;
				DEBUG_INFORMATION_FORMAT = dwarf;
				ENABLE_STRICT_OBJC_MSGSEND = YES;
				ENABLE_TESTABILITY = YES;
				GCC_C_LANGUAGE_STANDARD = gnu99;
				GCC_DYNAMIC_NO_PIC = NO;
				GCC_NO_COMMON_BLOCKS = YES;
				GCC_OPTIMIZATION_LEVEL = 0;
				GCC_PREPROCESSOR_DEFINITIONS = (
					"DEBUG=1",
					"$(inherited)",
				);
				GCC_WARN_64_TO_32_BIT_CONVERSION = YES;
				GCC_WARN_ABOUT_RETURN_TYPE = YES_ERROR;
				GCC_WARN_UNDECLARED_SELECTOR = YES;
				GCC_WARN_UNINITIALIZED_AUTOS = YES_AGGRESSIVE;
				GCC_WARN_UNUSED_FUNCTION = YES;
				GCC_WARN_UNUSED_VARIABLE = YES;
				IPHONEOS_DEPLOYMENT_TARGET = 9.3;
				MTL_ENABLE_DEBUG_INFO = YES;
				ONLY_ACTIVE_ARCH = YES;
				SDKROOT = iphoneos;
				SWIFT_OPTIMIZATION_LEVEL = "-Onone";
			};
			name = Debug;
		};
		7BBAD3211CDEFD1700AA5F76 /* Release */ = {
			isa = XCBuildConfiguration;
			buildSettings = {
				ALWAYS_SEARCH_USER_PATHS = NO;
				CLANG_ANALYZER_NONNULL = YES;
				CLANG_CXX_LANGUAGE_STANDARD = "gnu++0x";
				CLANG_CXX_LIBRARY = "libc++";
				CLANG_ENABLE_MODULES = YES;
				CLANG_ENABLE_OBJC_ARC = YES;
				CLANG_WARN_BOOL_CONVERSION = YES;
				CLANG_WARN_CONSTANT_CONVERSION = YES;
				CLANG_WARN_DIRECT_OBJC_ISA_USAGE = YES_ERROR;
				CLANG_WARN_EMPTY_BODY = YES;
				CLANG_WARN_ENUM_CONVERSION = YES;
				CLANG_WARN_INT_CONVERSION = YES;
				CLANG_WARN_OBJC_ROOT_CLASS = YES_ERROR;
				CLANG_WARN_UNREACHABLE_CODE = YES;
				CLANG_WARN__DUPLICATE_METHOD_MATCH = YES;
				"CODE_SIGN_IDENTITY[sdk=iphoneos*]" = "iPhone Developer";
				COPY_PHASE_STRIP = NO;
				DEBUG_INFORMATION_FORMAT = "dwarf-with-dsym";
				ENABLE_NS_ASSERTIONS = NO;
				ENABLE_STRICT_OBJC_MSGSEND = YES;
				GCC_C_LANGUAGE_STANDARD = gnu99;
				GCC_NO_COMMON_BLOCKS = YES;
				GCC_WARN_64_TO_32_BIT_CONVERSION = YES;
				GCC_WARN_ABOUT_RETURN_TYPE = YES_ERROR;
				GCC_WARN_UNDECLARED_SELECTOR = YES;
				GCC_WARN_UNINITIALIZED_AUTOS = YES_AGGRESSIVE;
				GCC_WARN_UNUSED_FUNCTION = YES;
				GCC_WARN_UNUSED_VARIABLE = YES;
				IPHONEOS_DEPLOYMENT_TARGET = 9.3;
				MTL_ENABLE_DEBUG_INFO = NO;
				SDKROOT = iphoneos;
				VALIDATE_PRODUCT = YES;
			};
			name = Release;
		};
		7BBAD3231CDEFD1700AA5F76 /* Debug */ = {
			isa = XCBuildConfiguration;
			buildSettings = {
				ASSETCATALOG_COMPILER_APPICON_NAME = AppIcon;
				INFOPLIST_FILE = jwarmkessel/Info.plist;
				LD_RUNPATH_SEARCH_PATHS = "$(inherited) @executable_path/Frameworks";
				PRODUCT_BUNDLE_IDENTIFIER = com.mythworthy.jwarmkessel;
				PRODUCT_NAME = "$(TARGET_NAME)";
			};
			name = Debug;
		};
		7BBAD3241CDEFD1700AA5F76 /* Release */ = {
			isa = XCBuildConfiguration;
			buildSettings = {
				ASSETCATALOG_COMPILER_APPICON_NAME = AppIcon;
				INFOPLIST_FILE = jwarmkessel/Info.plist;
				LD_RUNPATH_SEARCH_PATHS = "$(inherited) @executable_path/Frameworks";
				PRODUCT_BUNDLE_IDENTIFIER = com.mythworthy.jwarmkessel;
				PRODUCT_NAME = "$(TARGET_NAME)";
			};
			name = Release;
		};
/* End XCBuildConfiguration section */

/* Begin XCConfigurationList section */
		7BBAD30B1CDEFD1700AA5F76 /* Build configuration list for PBXProject "jwarmkessel" */ = {
			isa = XCConfigurationList;
			buildConfigurations = (
				7BBAD3201CDEFD1700AA5F76 /* Debug */,
				7BBAD3211CDEFD1700AA5F76 /* Release */,
			);
			defaultConfigurationIsVisible = 0;
			defaultConfigurationName = Release;
		};
		7BBAD3221CDEFD1700AA5F76 /* Build configuration list for PBXNativeTarget "jwarmkessel" */ = {
			isa = XCConfigurationList;
			buildConfigurations = (
				7BBAD3231CDEFD1700AA5F76 /* Debug */,
				7BBAD3241CDEFD1700AA5F76 /* Release */,
			);
			defaultConfigurationIsVisible = 0;
		};
/* End XCConfigurationList section */
	};
	rootObject = 7BBAD3081CDEFD1700AA5F76 /* Project object */;
}
